
Microsoft Visual Studio Solution File, Format Version 12.00
# Visual Studio 15
VisualStudioVersion = 15.0.28010.2003
MinimumVisualStudioVersion = 10.0.40219.1
Project("{FAE04EC0-301F-11D3-BF4B-00C04F79EFBC}") = "SmartListener", "SmartListener\SmartListener.csproj", "{4B1D69F1-ADF0-47B2-AD5E-1C35CC9B16C2}"
EndProject
Global
	GlobalSection(SolutionConfigurationPlatforms) = preSolution
		Debug|Any CPU = Debug|Any CPU
		Release|Any CPU = Release|Any CPU
	EndGlobalSection
	GlobalSection(ProjectConfigurationPlatforms) = postSolution
		{4B1D69F1-ADF0-47B2-AD5E-1C35CC9B16C2}.Debug|Any CPU.ActiveCfg = Debug|Any CPU
		{4B1D69F1-ADF0-47B2-AD5E-1C35CC9B16C2}.Debug|Any CPU.Build.0 = Debug|Any CPU
		{4B1D69F1-ADF0-47B2-AD5E-1C35CC9B16C2}.Release|Any CPU.ActiveCfg = Release|Any CPU
		{4B1D69F1-ADF0-47B2-AD5E-1C35CC9B16C2}.Release|Any CPU.Build.0 = Release|Any CPU
	EndGlobalSection
	GlobalSection(SolutionProperties) = preSolution
		HideSolutionNode = FALSE
	EndGlobalSection
	GlobalSection(ExtensibilityGlobals) = postSolution
		SolutionGuid = {F4A24037-0AAE-436F-A5E6-E78A569E1351}
	EndGlobalSection
EndGlobal
